
Microsoft Visual Studio Solution File, Format Version 12.00
# Visual Studio Version 17
VisualStudioVersion = 17.4.33122.133
MinimumVisualStudioVersion = 10.0.40219.1
Project("{9A19103F-16F7-4668-BE54-9A1E7A4F7556}") = "GymFit.Core", "GymFit.Core\GymFit.Core.csproj", "{52F7EDF8-A9D0-403E-A29D-F648BC476DF0}"
EndProject
Project("{FAE04EC0-301F-11D3-BF4B-00C04F79EFBC}") = "GymFit.Infrastructure.Interfaces", "GymFit.Infrastructure.Interfaces\GymFit.Infrastructure.Interfaces.csproj", "{92071A8B-8334-4B4D-8C2B-93D4F89725C1}"
EndProject
Project("{FAE04EC0-301F-11D3-BF4B-00C04F79EFBC}") = "GymFit.Infrastructure", "GymFit.Infrastructure\GymFit.Infrastructure.csproj", "{1DEECDE1-566B-4F85-8840-51A399ED9B06}"
EndProject
Global
	GlobalSection(SolutionConfigurationPlatforms) = preSolution
		Debug|Any CPU = Debug|Any CPU
		Release|Any CPU = Release|Any CPU
	EndGlobalSection
	GlobalSection(ProjectConfigurationPlatforms) = postSolution
		{52F7EDF8-A9D0-403E-A29D-F648BC476DF0}.Debug|Any CPU.ActiveCfg = Debug|Any CPU
		{52F7EDF8-A9D0-403E-A29D-F648BC476DF0}.Debug|Any CPU.Build.0 = Debug|Any CPU
		{52F7EDF8-A9D0-403E-A29D-F648BC476DF0}.Release|Any CPU.ActiveCfg = Release|Any CPU
		{52F7EDF8-A9D0-403E-A29D-F648BC476DF0}.Release|Any CPU.Build.0 = Release|Any CPU
		{92071A8B-8334-4B4D-8C2B-93D4F89725C1}.Debug|Any CPU.ActiveCfg = Debug|Any CPU
		{92071A8B-8334-4B4D-8C2B-93D4F89725C1}.Debug|Any CPU.Build.0 = Debug|Any CPU
		{92071A8B-8334-4B4D-8C2B-93D4F89725C1}.Release|Any CPU.ActiveCfg = Release|Any CPU
		{92071A8B-8334-4B4D-8C2B-93D4F89725C1}.Release|Any CPU.Build.0 = Release|Any CPU
		{1DEECDE1-566B-4F85-8840-51A399ED9B06}.Debug|Any CPU.ActiveCfg = Debug|Any CPU
		{1DEECDE1-566B-4F85-8840-51A399ED9B06}.Debug|Any CPU.Build.0 = Debug|Any CPU
		{1DEECDE1-566B-4F85-8840-51A399ED9B06}.Release|Any CPU.ActiveCfg = Release|Any CPU
		{1DEECDE1-566B-4F85-8840-51A399ED9B06}.Release|Any CPU.Build.0 = Release|Any CPU
	EndGlobalSection
	GlobalSection(SolutionProperties) = preSolution
		HideSolutionNode = FALSE
	EndGlobalSection
	GlobalSection(ExtensibilityGlobals) = postSolution
		SolutionGuid = {E9E81274-7DF6-4917-95AA-CB85F7EFAECA}
	EndGlobalSection
EndGlobal
